// !$*UTF8*$!
{
	archiveVersion = 1;
	classes = {
	};
	objectVersion = 50;
	objects = {

/* Begin PBXBuildFile section */
		240E30D7241751D9007247E0 /* explosion.mp3 in Resources */ = {isa = PBXBuildFile; fileRef = 240E30D6241751D9007247E0 /* explosion.mp3 */; };
		243EFB09241714BC00997849 /* AppDelegate.swift in Sources */ = {isa = PBXBuildFile; fileRef = 243EFB08241714BC00997849 /* AppDelegate.swift */; };
		243EFB0B241714BC00997849 /* GameScene.sks in Resources */ = {isa = PBXBuildFile; fileRef = 243EFB0A241714BC00997849 /* GameScene.sks */; };
		243EFB0D241714BC00997849 /* Actions.sks in Resources */ = {isa = PBXBuildFile; fileRef = 243EFB0C241714BC00997849 /* Actions.sks */; };
		243EFB0F241714BC00997849 /* GameScene.swift in Sources */ = {isa = PBXBuildFile; fileRef = 243EFB0E241714BC00997849 /* GameScene.swift */; };
		243EFB11241714BC00997849 /* GameViewController.swift in Sources */ = {isa = PBXBuildFile; fileRef = 243EFB10241714BC00997849 /* GameViewController.swift */; };
		243EFB14241714BC00997849 /* Main.storyboard in Resources */ = {isa = PBXBuildFile; fileRef = 243EFB12241714BC00997849 /* Main.storyboard */; };
		243EFB16241714BD00997849 /* Assets.xcassets in Resources */ = {isa = PBXBuildFile; fileRef = 243EFB15241714BD00997849 /* Assets.xcassets */; };
		243EFB19241714BD00997849 /* LaunchScreen.storyboard in Resources */ = {isa = PBXBuildFile; fileRef = 243EFB17241714BD00997849 /* LaunchScreen.storyboard */; };
		244684CB2417562A00D6B0FD /* Explosion.sks in Resources */ = {isa = PBXBuildFile; fileRef = 244684CA2417562A00D6B0FD /* Explosion.sks */; };
		244684CD2417617300D6B0FD /* GameOver.sks in Resources */ = {isa = PBXBuildFile; fileRef = 244684CC2417617300D6B0FD /* GameOver.sks */; };
		244684CF2417617F00D6B0FD /* GameOver.swift in Sources */ = {isa = PBXBuildFile; fileRef = 244684CE2417617F00D6B0FD /* GameOver.swift */; };
		246A7C2D24171FCD00415E01 /* SpaceBackground.sks in Resources */ = {isa = PBXBuildFile; fileRef = 246A7C2B24171FCD00415E01 /* SpaceBackground.sks */; };
		246A7C302417237000415E01 /* MenuScene.sks in Resources */ = {isa = PBXBuildFile; fileRef = 246A7C2F2417237000415E01 /* MenuScene.sks */; };
		246A7C32241723B800415E01 /* MenuScene.swift in Sources */ = {isa = PBXBuildFile; fileRef = 246A7C31241723B800415E01 /* MenuScene.swift */; };
		246A7C36241735F800415E01 /* torpedo.mp3 in Resources */ = {isa = PBXBuildFile; fileRef = 246A7C35241735F800415E01 /* torpedo.mp3 */; };
		24E4790224176A74005E83AB /* GameSceneZot.swift in Sources */ = {isa = PBXBuildFile; fileRef = 24E4790124176A74005E83AB /* GameSceneZot.swift */; };
/* End PBXBuildFile section */

/* Begin PBXFileReference section */
		240E30D6241751D9007247E0 /* explosion.mp3 */ = {isa = PBXFileReference; lastKnownFileType = audio.mp3; path = explosion.mp3; sourceTree = "<group>"; };
		243EFB05241714BC00997849 /* Rise of Resistance.app */ = {isa = PBXFileReference; explicitFileType = wrapper.application; includeInIndex = 0; path = "Rise of Resistance.app"; sourceTree = BUILT_PRODUCTS_DIR; };
		243EFB08241714BC00997849 /* AppDelegate.swift */ = {isa = PBXFileReference; lastKnownFileType = sourcecode.swift; path = AppDelegate.swift; sourceTree = "<group>"; };
		243EFB0A241714BC00997849 /* GameScene.sks */ = {isa = PBXFileReference; lastKnownFileType = file.sks; path = GameScene.sks; sourceTree = "<group>"; };
		243EFB0C241714BC00997849 /* Actions.sks */ = {isa = PBXFileReference; lastKnownFileType = file.sks; path = Actions.sks; sourceTree = "<group>"; };
		243EFB0E241714BC00997849 /* GameScene.swift */ = {isa = PBXFileReference; lastKnownFileType = sourcecode.swift; path = GameScene.swift; sourceTree = "<group>"; };
		243EFB10241714BC00997849 /* GameViewController.swift */ = {isa = PBXFileReference; lastKnownFileType = sourcecode.swift; path = GameViewController.swift; sourceTree = "<group>"; };
		243EFB13241714BC00997849 /* Base */ = {isa = PBXFileReference; lastKnownFileType = file.storyboard; name = Base; path = Base.lproj/Main.storyboard; sourceTree = "<group>"; };
		243EFB15241714BD00997849 /* Assets.xcassets */ = {isa = PBXFileReference; lastKnownFileType = folder.assetcatalog; path = Assets.xcassets; sourceTree = "<group>"; };
		243EFB18241714BD00997849 /* Base */ = {isa = PBXFileReference; lastKnownFileType = file.storyboard; name = Base; path = Base.lproj/LaunchScreen.storyboard; sourceTree = "<group>"; };
		243EFB1A241714BD00997849 /* Info.plist */ = {isa = PBXFileReference; lastKnownFileType = text.plist.xml; path = Info.plist; sourceTree = "<group>"; };
		244684CA2417562A00D6B0FD /* Explosion.sks */ = {isa = PBXFileReference; lastKnownFileType = file.sks; name = Explosion.sks; path = "../../../SpriteKit-Space-Game-Tutorial-master/SpacegameReloaded/Emmitters/Explosion.sks"; sourceTree = "<group>"; };
		244684CC2417617300D6B0FD /* GameOver.sks */ = {isa = PBXFileReference; lastKnownFileType = file.sks; path = GameOver.sks; sourceTree = "<group>"; };
		244684CE2417617F00D6B0FD /* GameOver.swift */ = {isa = PBXFileReference; lastKnownFileType = sourcecode.swift; path = GameOver.swift; sourceTree = "<group>"; };
		246A7C2B24171FCD00415E01 /* SpaceBackground.sks */ = {isa = PBXFileReference; lastKnownFileType = file.sks; path = SpaceBackground.sks; sourceTree = "<group>"; };
		246A7C2F2417237000415E01 /* MenuScene.sks */ = {isa = PBXFileReference; lastKnownFileType = file.sks; path = MenuScene.sks; sourceTree = "<group>"; };
		246A7C31241723B800415E01 /* MenuScene.swift */ = {isa = PBXFileReference; lastKnownFileType = sourcecode.swift; path = MenuScene.swift; sourceTree = "<group>"; };
		246A7C35241735F800415E01 /* torpedo.mp3 */ = {isa = PBXFileReference; lastKnownFileType = audio.mp3; path = torpedo.mp3; sourceTree = "<group>"; };
		24E4790124176A74005E83AB /* GameSceneZot.swift */ = {isa = PBXFileReference; fileEncoding = 4; lastKnownFileType = sourcecode.swift; path = GameSceneZot.swift; sourceTree = "<group>"; };
/* End PBXFileReference section */

/* Begin PBXFrameworksBuildPhase section */
		243EFB02241714BC00997849 /* Frameworks */ = {
			isa = PBXFrameworksBuildPhase;
			buildActionMask = 2147483647;
			files = (
			);
			runOnlyForDeploymentPostprocessing = 0;
		};
/* End PBXFrameworksBuildPhase section */

/* Begin PBXGroup section */
		240E30D8241751DD007247E0 /* Sounds */ = {
			isa = PBXGroup;
			children = (
				246A7C35241735F800415E01 /* torpedo.mp3 */,
				240E30D6241751D9007247E0 /* explosion.mp3 */,
			);
			path = Sounds;
			sourceTree = "<group>";
		};
		243EFAFC241714BC00997849 = {
			isa = PBXGroup;
			children = (
				243EFB07241714BC00997849 /* Rise of Resistance */,
				243EFB06241714BC00997849 /* Products */,
			);
			sourceTree = "<group>";
		};
		243EFB06241714BC00997849 /* Products */ = {
			isa = PBXGroup;
			children = (
				243EFB05241714BC00997849 /* Rise of Resistance.app */,
			);
			name = Products;
			sourceTree = "<group>";
		};
		243EFB07241714BC00997849 /* Rise of Resistance */ = {
			isa = PBXGroup;
			children = (
				246A7C34241723C300415E01 /* Game */,
				246A7C33241723BC00415E01 /* Menu */,
				244684C9241755B300D6B0FD /* Emitters */,
				240E30D8241751DD007247E0 /* Sounds */,
				244684D02417618A00D6B0FD /* Game Over */,
				243EFB10241714BC00997849 /* GameViewController.swift */,
				243EFB08241714BC00997849 /* AppDelegate.swift */,
				243EFB0C241714BC00997849 /* Actions.sks */,
				243EFB12241714BC00997849 /* Main.storyboard */,
				243EFB15241714BD00997849 /* Assets.xcassets */,
				243EFB17241714BD00997849 /* LaunchScreen.storyboard */,
				243EFB1A241714BD00997849 /* Info.plist */,
			);
			path = "Rise of Resistance";
			sourceTree = "<group>";
		};
		244684C9241755B300D6B0FD /* Emitters */ = {
			isa = PBXGroup;
			children = (
				246A7C2B24171FCD00415E01 /* SpaceBackground.sks */,
				244684CA2417562A00D6B0FD /* Explosion.sks */,
			);
			path = Emitters;
			sourceTree = "<group>";
		};
		244684D02417618A00D6B0FD /* Game Over */ = {
			isa = PBXGroup;
			children = (
				244684CC2417617300D6B0FD /* GameOver.sks */,
				244684CE2417617F00D6B0FD /* GameOver.swift */,
			);
			path = "Game Over";
			sourceTree = "<group>";
		};
		246A7C33241723BC00415E01 /* Menu */ = {
			isa = PBXGroup;
			children = (
				246A7C2F2417237000415E01 /* MenuScene.sks */,
				246A7C31241723B800415E01 /* MenuScene.swift */,
			);
			path = Menu;
			sourceTree = "<group>";
		};
		246A7C34241723C300415E01 /* Game */ = {
			isa = PBXGroup;
			children = (
				243EFB0A241714BC00997849 /* GameScene.sks */,
				243EFB0E241714BC00997849 /* GameScene.swift */,
				24E4790124176A74005E83AB /* GameSceneZot.swift */,
			);
			path = Game;
			sourceTree = "<group>";
		};
/* End PBXGroup section */

/* Begin PBXNativeTarget section */
		243EFB04241714BC00997849 /* Rise of Resistance */ = {
			isa = PBXNativeTarget;
			buildConfigurationList = 243EFB1D241714BD00997849 /* Build configuration list for PBXNativeTarget "Rise of Resistance" */;
			buildPhases = (
				243EFB01241714BC00997849 /* Sources */,
				243EFB02241714BC00997849 /* Frameworks */,
				243EFB03241714BC00997849 /* Resources */,
			);
			buildRules = (
			);
			dependencies = (
			);
			name = "Rise of Resistance";
			productName = "Rise of Resistance";
			productReference = 243EFB05241714BC00997849 /* Rise of Resistance.app */;
			productType = "com.apple.product-type.application";
		};
/* End PBXNativeTarget section */

/* Begin PBXProject section */
		243EFAFD241714BC00997849 /* Project object */ = {
			isa = PBXProject;
			attributes = {
				LastSwiftUpdateCheck = 1130;
				LastUpgradeCheck = 1130;
				ORGANIZATIONNAME = "Hung Phan";
				TargetAttributes = {
					243EFB04241714BC00997849 = {
						CreatedOnToolsVersion = 11.3.1;
					};
				};
			};
			buildConfigurationList = 243EFB00241714BC00997849 /* Build configuration list for PBXProject "Rise of Resistance" */;
			compatibilityVersion = "Xcode 9.3";
			developmentRegion = en;
			hasScannedForEncodings = 0;
			knownRegions = (
				en,
				Base,
			);
			mainGroup = 243EFAFC241714BC00997849;
			productRefGroup = 243EFB06241714BC00997849 /* Products */;
			projectDirPath = "";
			projectRoot = "";
			targets = (
				243EFB04241714BC00997849 /* Rise of Resistance */,
			);
		};
/* End PBXProject section */

/* Begin PBXResourcesBuildPhase section */
		243EFB03241714BC00997849 /* Resources */ = {
			isa = PBXResourcesBuildPhase;
			buildActionMask = 2147483647;
			files = (
				243EFB14241714BC00997849 /* Main.storyboard in Resources */,
				243EFB0B241714BC00997849 /* GameScene.sks in Resources */,
				243EFB16241714BD00997849 /* Assets.xcassets in Resources */,
				240E30D7241751D9007247E0 /* explosion.mp3 in Resources */,
				243EFB19241714BD00997849 /* LaunchScreen.storyboard in Resources */,
				244684CB2417562A00D6B0FD /* Explosion.sks in Resources */,
				246A7C2D24171FCD00415E01 /* SpaceBackground.sks in Resources */,
				243EFB0D241714BC00997849 /* Actions.sks in Resources */,
				246A7C36241735F800415E01 /* torpedo.mp3 in Resources */,
				244684CD2417617300D6B0FD /* GameOver.sks in Resources */,
				246A7C302417237000415E01 /* MenuScene.sks in Resources */,
			);
			runOnlyForDeploymentPostprocessing = 0;
		};
/* End PBXResourcesBuildPhase section */

/* Begin PBXSourcesBuildPhase section */
		243EFB01241714BC00997849 /* Sources */ = {
			isa = PBXSourcesBuildPhase;
			buildActionMask = 2147483647;
			files = (
				243EFB0F241714BC00997849 /* GameScene.swift in Sources */,
				246A7C32241723B800415E01 /* MenuScene.swift in Sources */,
				243EFB11241714BC00997849 /* GameViewController.swift in Sources */,
				244684CF2417617F00D6B0FD /* GameOver.swift in Sources */,
				24E4790224176A74005E83AB /* GameSceneZot.swift in Sources */,
				243EFB09241714BC00997849 /* AppDelegate.swift in Sources */,
			);
			runOnlyForDeploymentPostprocessing = 0;
		};
/* End PBXSourcesBuildPhase section */

/* Begin PBXVariantGroup section */
		243EFB12241714BC00997849 /* Main.storyboard */ = {
			isa = PBXVariantGroup;
			children = (
				243EFB13241714BC00997849 /* Base */,
			);
			name = Main.storyboard;
			sourceTree = "<group>";
		};
		243EFB17241714BD00997849 /* LaunchScreen.storyboard */ = {
			isa = PBXVariantGroup;
			children = (
				243EFB18241714BD00997849 /* Base */,
			);
			name = LaunchScreen.storyboard;
			sourceTree = "<group>";
		};
/* End PBXVariantGroup section */

/* Begin XCBuildConfiguration section */
		243EFB1B241714BD00997849 /* Debug */ = {
			isa = XCBuildConfiguration;
			buildSettings = {
				ALWAYS_SEARCH_USER_PATHS = NO;
				CLANG_ANALYZER_NONNULL = YES;
				CLANG_ANALYZER_NUMBER_OBJECT_CONVERSION = YES_AGGRESSIVE;
				CLANG_CXX_LANGUAGE_STANDARD = "gnu++14";
				CLANG_CXX_LIBRARY = "libc++";
				CLANG_ENABLE_MODULES = YES;
				CLANG_ENABLE_OBJC_ARC = YES;
				CLANG_ENABLE_OBJC_WEAK = YES;
				CLANG_WARN_BLOCK_CAPTURE_AUTORELEASING = YES;
				CLANG_WARN_BOOL_CONVERSION = YES;
				CLANG_WARN_COMMA = YES;
				CLANG_WARN_CONSTANT_CONVERSION = YES;
				CLANG_WARN_DEPRECATED_OBJC_IMPLEMENTATIONS = YES;
				CLANG_WARN_DIRECT_OBJC_ISA_USAGE = YES_ERROR;
				CLANG_WARN_DOCUMENTATION_COMMENTS = YES;
				CLANG_WARN_EMPTY_BODY = YES;
				CLANG_WARN_ENUM_CONVERSION = YES;
				CLANG_WARN_INFINITE_RECURSION = YES;
				CLANG_WARN_INT_CONVERSION = YES;
				CLANG_WARN_NON_LITERAL_NULL_CONVERSION = YES;
				CLANG_WARN_OBJC_IMPLICIT_RETAIN_SELF = YES;
				CLANG_WARN_OBJC_LITERAL_CONVERSION = YES;
				CLANG_WARN_OBJC_ROOT_CLASS = YES_ERROR;
				CLANG_WARN_RANGE_LOOP_ANALYSIS = YES;
				CLANG_WARN_STRICT_PROTOTYPES = YES;
				CLANG_WARN_SUSPICIOUS_MOVE = YES;
				CLANG_WARN_UNGUARDED_AVAILABILITY = YES_AGGRESSIVE;
				CLANG_WARN_UNREACHABLE_CODE = YES;
				CLANG_WARN__DUPLICATE_METHOD_MATCH = YES;
				COPY_PHASE_STRIP = NO;
				DEBUG_INFORMATION_FORMAT = dwarf;
				ENABLE_STRICT_OBJC_MSGSEND = YES;
				ENABLE_TESTABILITY = YES;
				GCC_C_LANGUAGE_STANDARD = gnu11;
				GCC_DYNAMIC_NO_PIC = NO;
				GCC_NO_COMMON_BLOCKS = YES;
				GCC_OPTIMIZATION_LEVEL = 0;
				GCC_PREPROCESSOR_DEFINITIONS = (
					"DEBUG=1",
					"$(inherited)",
				);
				GCC_WARN_64_TO_32_BIT_CONVERSION = YES;
				GCC_WARN_ABOUT_RETURN_TYPE = YES_ERROR;
				GCC_WARN_UNDECLARED_SELECTOR = YES;
				GCC_WARN_UNINITIALIZED_AUTOS = YES_AGGRESSIVE;
				GCC_WARN_UNUSED_FUNCTION = YES;
				GCC_WARN_UNUSED_VARIABLE = YES;
				IPHONEOS_DEPLOYMENT_TARGET = 13.2;
				MTL_ENABLE_DEBUG_INFO = INCLUDE_SOURCE;
				MTL_FAST_MATH = YES;
				ONLY_ACTIVE_ARCH = YES;
				SDKROOT = iphoneos;
				SWIFT_ACTIVE_COMPILATION_CONDITIONS = DEBUG;
				SWIFT_OPTIMIZATION_LEVEL = "-Onone";
			};
			name = Debug;
		};
		243EFB1C241714BD00997849 /* Release */ = {
			isa = XCBuildConfiguration;
			buildSettings = {
				ALWAYS_SEARCH_USER_PATHS = NO;
				CLANG_ANALYZER_NONNULL = YES;
				CLANG_ANALYZER_NUMBER_OBJECT_CONVERSION = YES_AGGRESSIVE;
				CLANG_CXX_LANGUAGE_STANDARD = "gnu++14";
				CLANG_CXX_LIBRARY = "libc++";
				CLANG_ENABLE_MODULES = YES;
				CLANG_ENABLE_OBJC_ARC = YES;
				CLANG_ENABLE_OBJC_WEAK = YES;
				CLANG_WARN_BLOCK_CAPTURE_AUTORELEASING = YES;
				CLANG_WARN_BOOL_CONVERSION = YES;
				CLANG_WARN_COMMA = YES;
				CLANG_WARN_CONSTANT_CONVERSION = YES;
				CLANG_WARN_DEPRECATED_OBJC_IMPLEMENTATIONS = YES;
				CLANG_WARN_DIRECT_OBJC_ISA_USAGE = YES_ERROR;
				CLANG_WARN_DOCUMENTATION_COMMENTS = YES;
				CLANG_WARN_EMPTY_BODY = YES;
				CLANG_WARN_ENUM_CONVERSION = YES;
				CLANG_WARN_INFINITE_RECURSION = YES;
				CLANG_WARN_INT_CONVERSION = YES;
				CLANG_WARN_NON_LITERAL_NULL_CONVERSION = YES;
				CLANG_WARN_OBJC_IMPLICIT_RETAIN_SELF = YES;
				CLANG_WARN_OBJC_LITERAL_CONVERSION = YES;
				CLANG_WARN_OBJC_ROOT_CLASS = YES_ERROR;
				CLANG_WARN_RANGE_LOOP_ANALYSIS = YES;
				CLANG_WARN_STRICT_PROTOTYPES = YES;
				CLANG_WARN_SUSPICIOUS_MOVE = YES;
				CLANG_WARN_UNGUARDED_AVAILABILITY = YES_AGGRESSIVE;
				CLANG_WARN_UNREACHABLE_CODE = YES;
				CLANG_WARN__DUPLICATE_METHOD_MATCH = YES;
				COPY_PHASE_STRIP = NO;
				DEBUG_INFORMATION_FORMAT = "dwarf-with-dsym";
				ENABLE_NS_ASSERTIONS = NO;
				ENABLE_STRICT_OBJC_MSGSEND = YES;
				GCC_C_LANGUAGE_STANDARD = gnu11;
				GCC_NO_COMMON_BLOCKS = YES;
				GCC_WARN_64_TO_32_BIT_CONVERSION = YES;
				GCC_WARN_ABOUT_RETURN_TYPE = YES_ERROR;
				GCC_WARN_UNDECLARED_SELECTOR = YES;
				GCC_WARN_UNINITIALIZED_AUTOS = YES_AGGRESSIVE;
				GCC_WARN_UNUSED_FUNCTION = YES;
				GCC_WARN_UNUSED_VARIABLE = YES;
				IPHONEOS_DEPLOYMENT_TARGET = 13.2;
				MTL_ENABLE_DEBUG_INFO = NO;
				MTL_FAST_MATH = YES;
				SDKROOT = iphoneos;
				SWIFT_COMPILATION_MODE = wholemodule;
				SWIFT_OPTIMIZATION_LEVEL = "-O";
				VALIDATE_PRODUCT = YES;
			};
			name = Release;
		};
		243EFB1E241714BD00997849 /* Debug */ = {
			isa = XCBuildConfiguration;
			buildSettings = {
				ASSETCATALOG_COMPILER_APPICON_NAME = AppIcon;
				CODE_SIGN_STYLE = Automatic;
				DEVELOPMENT_TEAM = X86U5N326S;
				INFOPLIST_FILE = "Rise of Resistance/Info.plist";
				LD_RUNPATH_SEARCH_PATHS = (
					"$(inherited)",
					"@executable_path/Frameworks",
				);
				PRODUCT_BUNDLE_IDENTIFIER = "com.Rise-of-Resistance";
				PRODUCT_NAME = "$(TARGET_NAME)";
				SWIFT_VERSION = 5.0;
				TARGETED_DEVICE_FAMILY = 1;
			};
			name = Debug;
		};
		243EFB1F241714BD00997849 /* Release */ = {
			isa = XCBuildConfiguration;
			buildSettings = {
				ASSETCATALOG_COMPILER_APPICON_NAME = AppIcon;
				CODE_SIGN_STYLE = Automatic;
				DEVELOPMENT_TEAM = X86U5N326S;
				INFOPLIST_FILE = "Rise of Resistance/Info.plist";
				LD_RUNPATH_SEARCH_PATHS = (
					"$(inherited)",
					"@executable_path/Frameworks",
				);
				PRODUCT_BUNDLE_IDENTIFIER = "com.Rise-of-Resistance";
				PRODUCT_NAME = "$(TARGET_NAME)";
				SWIFT_VERSION = 5.0;
				TARGETED_DEVICE_FAMILY = 1;
			};
			name = Release;
		};
/* End XCBuildConfiguration section */

/* Begin XCConfigurationList section */
		243EFB00241714BC00997849 /* Build configuration list for PBXProject "Rise of Resistance" */ = {
			isa = XCConfigurationList;
			buildConfigurations = (
				243EFB1B241714BD00997849 /* Debug */,
				243EFB1C241714BD00997849 /* Release */,
			);
			defaultConfigurationIsVisible = 0;
			defaultConfigurationName = Release;
		};
		243EFB1D241714BD00997849 /* Build configuration list for PBXNativeTarget "Rise of Resistance" */ = {
			isa = XCConfigurationList;
			buildConfigurations = (
				243EFB1E241714BD00997849 /* Debug */,
				243EFB1F241714BD00997849 /* Release */,
			);
			defaultConfigurationIsVisible = 0;
			defaultConfigurationName = Release;
		};
/* End XCConfigurationList section */
	};
	rootObject = 243EFAFD241714BC00997849 /* Project object */;
}
